Microsoft Visual Studio Solution File, Format Version 12.00
# Visual Studio Version 17
VisualStudioVersion = 17.5.2.0
MinimumVisualStudioVersion = 10.0.40219.1
Project("{FAE04EC0-301F-11D3-BF4B-00C04F79EFBC}") = "AppCaixa", "AppCaixa.csproj", "{C6DB835E-77C7-2861-A61D-28B709F4A4EA}"
EndProject
Global
	GlobalSection(SolutionConfigurationPlatforms) = preSolution
		Debug|Any CPU = Debug|Any CPU
		Release|Any CPU = Release|Any CPU
	EndGlobalSection
	GlobalSection(ProjectConfigurationPlatforms) = postSolution
		{C6DB835E-77C7-2861-A61D-28B709F4A4EA}.Debug|Any CPU.ActiveCfg = Debug|Any CPU
		{C6DB835E-77C7-2861-A61D-28B709F4A4EA}.Debug|Any CPU.Build.0 = Debug|Any CPU
		{C6DB835E-77C7-2861-A61D-28B709F4A4EA}.Release|Any CPU.ActiveCfg = Release|Any CPU
		{C6DB835E-77C7-2861-A61D-28B709F4A4EA}.Release|Any CPU.Build.0 = Release|Any CPU
	EndGlobalSection
	GlobalSection(SolutionProperties) = preSolution
		HideSolutionNode = FALSE
	EndGlobalSection
	GlobalSection(ExtensibilityGlobals) = postSolution
		SolutionGuid = {36159EB1-CB4F-4FA1-B917-796929749B95}
	EndGlobalSection
EndGlobal
